Microsoft Visual Studio Solution File, Format Version 12.00
# Visual Studio 15
VisualStudioVersion = 15.0.27703.2026
MinimumVisualStudioVersion = 10.0.40219.1
Project("{FAE04EC0-301F-11D3-BF4B-00C04F79EFBC}") = "HeroesONE_R_GUI", "HeroesONE_R_GUI\HeroesONE_R_GUI.csproj", "{776B52EA-EECC-47D3-AD75-0CD82AEB681A}"
EndProject
Project("{9A19103F-16F7-4668-BE54-9A1E7A4F7556}") = "HeroesONE_R", "HeroesONE++\HeroesONE_R.csproj", "{5704475B-358F-49E6-BA5A-78CA4FAE85E9}"
EndProject
Global
	GlobalSection(SolutionConfigurationPlatforms) = preSolution
		Debug|Any CPU = Debug|Any CPU
		Debug|Win32 = Debug|Win32
		Debug|x64 = Debug|x64
		Debug|x86 = Debug|x86
		Release|Any CPU = Release|Any CPU
		Release|Win32 = Release|Win32
		Release|x64 = Release|x64
		Release|x86 = Release|x86
	EndGlobalSection
	GlobalSection(ProjectConfigurationPlatforms) = postSolution
		{776B52EA-EECC-47D3-AD75-0CD82AEB681A}.Debug|Any CPU.ActiveCfg = Debug|Any CPU
		{776B52EA-EECC-47D3-AD75-0CD82AEB681A}.Debug|Any CPU.Build.0 = Debug|Any CPU
		{776B52EA-EECC-47D3-AD75-0CD82AEB681A}.Debug|Win32.ActiveCfg = Debug|Any CPU
		{776B52EA-EECC-47D3-AD75-0CD82AEB681A}.Debug|Win32.Build.0 = Debug|Any CPU
		{776B52EA-EECC-47D3-AD75-0CD82AEB681A}.Debug|x64.ActiveCfg = Debug|Any CPU
		{776B52EA-EECC-47D3-AD75-0CD82AEB681A}.Debug|x64.Build.0 = Debug|Any CPU
		{776B52EA-EECC-47D3-AD75-0CD82AEB681A}.Debug|x86.ActiveCfg = Debug|Any CPU
		{776B52EA-EECC-47D3-AD75-0CD82AEB681A}.Debug|x86.Build.0 = Debug|Any CPU
		{776B52EA-EECC-47D3-AD75-0CD82AEB681A}.Release|Any CPU.ActiveCfg = Release|Any CPU
		{776B52EA-EECC-47D3-AD75-0CD82AEB681A}.Release|Any CPU.Build.0 = Release|Any CPU
		{776B52EA-EECC-47D3-AD75-0CD82AEB681A}.Release|Win32.ActiveCfg = Release|Any CPU
		{776B52EA-EECC-47D3-AD75-0CD82AEB681A}.Release|Win32.Build.0 = Release|Any CPU
		{776B52EA-EECC-47D3-AD75-0CD82AEB681A}.Release|x64.ActiveCfg = Release|x64
		{776B52EA-EECC-47D3-AD75-0CD82AEB681A}.Release|x64.Build.0 = Release|x64
		{776B52EA-EECC-47D3-AD75-0CD82AEB681A}.Release|x86.ActiveCfg = Release|Any CPU
		{776B52EA-EECC-47D3-AD75-0CD82AEB681A}.Release|x86.Build.0 = Release|Any CPU
		{5704475B-358F-49E6-BA5A-78CA4FAE85E9}.Debug|Any CPU.ActiveCfg = Debug|Any CPU
		{5704475B-358F-49E6-BA5A-78CA4FAE85E9}.Debug|Any CPU.Build.0 = Debug|Any CPU
		{5704475B-358F-49E6-BA5A-78CA4FAE85E9}.Debug|Win32.ActiveCfg = Debug|x86
		{5704475B-358F-49E6-BA5A-78CA4FAE85E9}.Debug|Win32.Build.0 = Debug|x86
		{5704475B-358F-49E6-BA5A-78CA4FAE85E9}.Debug|x64.ActiveCfg = Debug|x64
		{5704475B-358F-49E6-BA5A-78CA4FAE85E9}.Debug|x64.Build.0 = Debug|x64
		{5704475B-358F-49E6-BA5A-78CA4FAE85E9}.Debug|x86.ActiveCfg = Debug|x86
		{5704475B-358F-49E6-BA5A-78CA4FAE85E9}.Debug|x86.Build.0 = Debug|x86
		{5704475B-358F-49E6-BA5A-78CA4FAE85E9}.Release|Any CPU.ActiveCfg = Release|Any CPU
		{5704475B-358F-49E6-BA5A-78CA4FAE85E9}.Release|Any CPU.Build.0 = Release|Any CPU
		{5704475B-358F-49E6-BA5A-78CA4FAE85E9}.Release|Win32.ActiveCfg = Release|x86
		{5704475B-358F-49E6-BA5A-78CA4FAE85E9}.Release|Win32.Build.0 = Release|x86
		{5704475B-358F-49E6-BA5A-78CA4FAE85E9}.Release|x64.ActiveCfg = Release|x64
		{5704475B-358F-49E6-BA5A-78CA4FAE85E9}.Release|x64.Build.0 = Release|x64
		{5704475B-358F-49E6-BA5A-78CA4FAE85E9}.Release|x86.ActiveCfg = Release|x86
		{5704475B-358F-49E6-BA5A-78CA4FAE85E9}.Release|x86.Build.0 = Release|x86
	EndGlobalSection
	GlobalSection(SolutionProperties) = preSolution
		HideSolutionNode = FALSE
	EndGlobalSection
	GlobalSection(ExtensibilityGlobals) = postSolution
		SolutionGuid = {A5B80383-63F7-4C0D-BB4D-C59464947DEC}
	EndGlobalSection
EndGlobal
